// !$*UTF8*$!
{
	archiveVersion = 1;
	classes = {
	};
	objectVersion = 56;
	objects = {

/* Begin PBXBuildFile section */
		AC0AFB902CB97F970052780F /* TaskItemViewViewModel.swift in Sources */ = {isa = PBXBuildFile; fileRef = AC0AFB8F2CB97F960052780F /* TaskItemViewViewModel.swift */; };
		AC0AFB922CB97FA50052780F /* ContentViewViewModel.swift in Sources */ = {isa = PBXBuildFile; fileRef = AC0AFB912CB97FA50052780F /* ContentViewViewModel.swift */; };
		AC0AFB952CB982200052780F /* TaskItemModel.swift in Sources */ = {isa = PBXBuildFile; fileRef = AC0AFB942CB982200052780F /* TaskItemModel.swift */; };
		AC0AFB972CB98F040052780F /* LoginView.swift in Sources */ = {isa = PBXBuildFile; fileRef = AC0AFB962CB98F040052780F /* LoginView.swift */; };
		AC0AFB992CB98F0D0052780F /* RegisterView.swift in Sources */ = {isa = PBXBuildFile; fileRef = AC0AFB982CB98F0D0052780F /* RegisterView.swift */; };
		AC0AFB9B2CB98F1F0052780F /* LoginViewViewModel.swift in Sources */ = {isa = PBXBuildFile; fileRef = AC0AFB9A2CB98F1F0052780F /* LoginViewViewModel.swift */; };
		AC0AFB9D2CB98F310052780F /* RegisterViewViewModel.swift in Sources */ = {isa = PBXBuildFile; fileRef = AC0AFB9C2CB98F310052780F /* RegisterViewViewModel.swift */; };
		AC0AFB9F2CB98F3E0052780F /* UserModel.swift in Sources */ = {isa = PBXBuildFile; fileRef = AC0AFB9E2CB98F3E0052780F /* UserModel.swift */; };
		AC0AFBA12CB99C1D0052780F /* ProfileView.swift in Sources */ = {isa = PBXBuildFile; fileRef = AC0AFBA02CB99C1D0052780F /* ProfileView.swift */; };
		AC0AFBA52CB99C440052780F /* ProfileViewViewModel.swift in Sources */ = {isa = PBXBuildFile; fileRef = AC0AFBA42CB99C440052780F /* ProfileViewViewModel.swift */; };
		ACE72BB62CB85D4D0025E019 /* MySimpleToDoListApp.swift in Sources */ = {isa = PBXBuildFile; fileRef = ACE72BB52CB85D4D0025E019 /* MySimpleToDoListApp.swift */; };
		ACE72BB82CB85D4D0025E019 /* ContentView.swift in Sources */ = {isa = PBXBuildFile; fileRef = ACE72BB72CB85D4D0025E019 /* ContentView.swift */; };
		ACE72BBA2CB85D4F0025E019 /* Assets.xcassets in Resources */ = {isa = PBXBuildFile; fileRef = ACE72BB92CB85D4F0025E019 /* Assets.xcassets */; };
		ACE72BBD2CB85D4F0025E019 /* Preview Assets.xcassets in Resources */ = {isa = PBXBuildFile; fileRef = ACE72BBC2CB85D4F0025E019 /* Preview Assets.xcassets */; };
		ACE72BC42CB86A900025E019 /* TaskItemView.swift in Sources */ = {isa = PBXBuildFile; fileRef = ACE72BC32CB86A900025E019 /* TaskItemView.swift */; };
/* End PBXBuildFile section */

/* Begin PBXFileReference section */
		AC0AFB8F2CB97F960052780F /* TaskItemViewViewModel.swift */ = {isa = PBXFileReference; lastKnownFileType = sourcecode.swift; path = TaskItemViewViewModel.swift; sourceTree = "<group>"; };
		AC0AFB912CB97FA50052780F /* ContentViewViewModel.swift */ = {isa = PBXFileReference; lastKnownFileType = sourcecode.swift; path = ContentViewViewModel.swift; sourceTree = "<group>"; };
		AC0AFB942CB982200052780F /* TaskItemModel.swift */ = {isa = PBXFileReference; lastKnownFileType = sourcecode.swift; path = TaskItemModel.swift; sourceTree = "<group>"; };
		AC0AFB962CB98F040052780F /* LoginView.swift */ = {isa = PBXFileReference; lastKnownFileType = sourcecode.swift; path = LoginView.swift; sourceTree = "<group>"; };
		AC0AFB982CB98F0D0052780F /* RegisterView.swift */ = {isa = PBXFileReference; lastKnownFileType = sourcecode.swift; path = RegisterView.swift; sourceTree = "<group>"; };
		AC0AFB9A2CB98F1F0052780F /* LoginViewViewModel.swift */ = {isa = PBXFileReference; lastKnownFileType = sourcecode.swift; path = LoginViewViewModel.swift; sourceTree = "<group>"; };
		AC0AFB9C2CB98F310052780F /* RegisterViewViewModel.swift */ = {isa = PBXFileReference; lastKnownFileType = sourcecode.swift; path = RegisterViewViewModel.swift; sourceTree = "<group>"; };
		AC0AFB9E2CB98F3E0052780F /* UserModel.swift */ = {isa = PBXFileReference; lastKnownFileType = sourcecode.swift; path = UserModel.swift; sourceTree = "<group>"; };
		AC0AFBA02CB99C1D0052780F /* ProfileView.swift */ = {isa = PBXFileReference; lastKnownFileType = sourcecode.swift; path = ProfileView.swift; sourceTree = "<group>"; };
		AC0AFBA42CB99C440052780F /* ProfileViewViewModel.swift */ = {isa = PBXFileReference; lastKnownFileType = sourcecode.swift; path = ProfileViewViewModel.swift; sourceTree = "<group>"; };
		ACE72BB22CB85D4D0025E019 /* MySimpleToDoList.app */ = {isa = PBXFileReference; explicitFileType = wrapper.application; includeInIndex = 0; path = MySimpleToDoList.app; sourceTree = BUILT_PRODUCTS_DIR; };
		ACE72BB52CB85D4D0025E019 /* MySimpleToDoListApp.swift */ = {isa = PBXFileReference; lastKnownFileType = sourcecode.swift; path = MySimpleToDoListApp.swift; sourceTree = "<group>"; };
		ACE72BB72CB85D4D0025E019 /* ContentView.swift */ = {isa = PBXFileReference; lastKnownFileType = sourcecode.swift; path = ContentView.swift; sourceTree = "<group>"; };
		ACE72BB92CB85D4F0025E019 /* Assets.xcassets */ = {isa = PBXFileReference; lastKnownFileType = folder.assetcatalog; path = Assets.xcassets; sourceTree = "<group>"; };
		ACE72BBC2CB85D4F0025E019 /* Preview Assets.xcassets */ = {isa = PBXFileReference; lastKnownFileType = folder.assetcatalog; path = "Preview Assets.xcassets"; sourceTree = "<group>"; };
		ACE72BC32CB86A900025E019 /* TaskItemView.swift */ = {isa = PBXFileReference; lastKnownFileType = sourcecode.swift; path = TaskItemView.swift; sourceTree = "<group>"; };
/* End PBXFileReference section */

/* Begin PBXFrameworksBuildPhase section */
		ACE72BAF2CB85D4D0025E019 /* Frameworks */ = {
			isa = PBXFrameworksBuildPhase;
			buildActionMask = 2147483647;
			files = (
			);
			runOnlyForDeploymentPostprocessing = 0;
		};
/* End PBXFrameworksBuildPhase section */

/* Begin PBXGroup section */
		AC0AFB8D2CB97EFC0052780F /* Model */ = {
			isa = PBXGroup;
			children = (
				AC0AFB942CB982200052780F /* TaskItemModel.swift */,
				AC0AFB9E2CB98F3E0052780F /* UserModel.swift */,
			);
			path = Model;
			sourceTree = "<group>";
		};
		AC0AFB8E2CB97F170052780F /* Views */ = {
			isa = PBXGroup;
			children = (
				ACE72BC32CB86A900025E019 /* TaskItemView.swift */,
				AC0AFB962CB98F040052780F /* LoginView.swift */,
				AC0AFB982CB98F0D0052780F /* RegisterView.swift */,
				ACE72BB72CB85D4D0025E019 /* ContentView.swift */,
				AC0AFBA02CB99C1D0052780F /* ProfileView.swift */,
			);
			path = Views;
			sourceTree = "<group>";
		};
		AC0AFB932CB980640052780F /* ViewModels */ = {
			isa = PBXGroup;
			children = (
				AC0AFB8F2CB97F960052780F /* TaskItemViewViewModel.swift */,
				AC0AFB9A2CB98F1F0052780F /* LoginViewViewModel.swift */,
				AC0AFB9C2CB98F310052780F /* RegisterViewViewModel.swift */,
				AC0AFB912CB97FA50052780F /* ContentViewViewModel.swift */,
				AC0AFBA42CB99C440052780F /* ProfileViewViewModel.swift */,
			);
			path = ViewModels;
			sourceTree = "<group>";
		};
		ACE72BA92CB85D4D0025E019 = {
			isa = PBXGroup;
			children = (
				ACE72BB42CB85D4D0025E019 /* MySimpleToDoList */,
				ACE72BB32CB85D4D0025E019 /* Products */,
			);
			sourceTree = "<group>";
		};
		ACE72BB32CB85D4D0025E019 /* Products */ = {
			isa = PBXGroup;
			children = (
				ACE72BB22CB85D4D0025E019 /* MySimpleToDoList.app */,
			);
			name = Products;
			sourceTree = "<group>";
		};
		ACE72BB42CB85D4D0025E019 /* MySimpleToDoList */ = {
			isa = PBXGroup;
			children = (
				ACE72BB52CB85D4D0025E019 /* MySimpleToDoListApp.swift */,
				AC0AFB932CB980640052780F /* ViewModels */,
				AC0AFB8E2CB97F170052780F /* Views */,
				AC0AFB8D2CB97EFC0052780F /* Model */,
				ACE72BB92CB85D4F0025E019 /* Assets.xcassets */,
				ACE72BBB2CB85D4F0025E019 /* Preview Content */,
			);
			path = MySimpleToDoList;
			sourceTree = "<group>";
		};
		ACE72BBB2CB85D4F0025E019 /* Preview Content */ = {
			isa = PBXGroup;
			children = (
				ACE72BBC2CB85D4F0025E019 /* Preview Assets.xcassets */,
			);
			path = "Preview Content";
			sourceTree = "<group>";
		};
/* End PBXGroup section */

/* Begin PBXNativeTarget section */
		ACE72BB12CB85D4D0025E019 /* MySimpleToDoList */ = {
			isa = PBXNativeTarget;
			buildConfigurationList = ACE72BC02CB85D4F0025E019 /* Build configuration list for PBXNativeTarget "MySimpleToDoList" */;
			buildPhases = (
				ACE72BAE2CB85D4D0025E019 /* Sources */,
				ACE72BAF2CB85D4D0025E019 /* Frameworks */,
				ACE72BB02CB85D4D0025E019 /* Resources */,
			);
			buildRules = (
			);
			dependencies = (
			);
			name = MySimpleToDoList;
			productName = MySimpleToDoList;
			productReference = ACE72BB22CB85D4D0025E019 /* MySimpleToDoList.app */;
			productType = "com.apple.product-type.application";
		};
/* End PBXNativeTarget section */

/* Begin PBXProject section */
		ACE72BAA2CB85D4D0025E019 /* Project object */ = {
			isa = PBXProject;
			attributes = {
				BuildIndependentTargetsInParallel = 1;
				LastSwiftUpdateCheck = 1540;
				LastUpgradeCheck = 1540;
				TargetAttributes = {
					ACE72BB12CB85D4D0025E019 = {
						CreatedOnToolsVersion = 15.4;
					};
				};
			};
			buildConfigurationList = ACE72BAD2CB85D4D0025E019 /* Build configuration list for PBXProject "MySimpleToDoList" */;
			compatibilityVersion = "Xcode 14.0";
			developmentRegion = en;
			hasScannedForEncodings = 0;
			knownRegions = (
				en,
				Base,
			);
			mainGroup = ACE72BA92CB85D4D0025E019;
			productRefGroup = ACE72BB32CB85D4D0025E019 /* Products */;
			projectDirPath = "";
			projectRoot = "";
			targets = (
				ACE72BB12CB85D4D0025E019 /* MySimpleToDoList */,
			);
		};
/* End PBXProject section */

/* Begin PBXResourcesBuildPhase section */
		ACE72BB02CB85D4D0025E019 /* Resources */ = {
			isa = PBXResourcesBuildPhase;
			buildActionMask = 2147483647;
			files = (
				ACE72BBD2CB85D4F0025E019 /* Preview Assets.xcassets in Resources */,
				ACE72BBA2CB85D4F0025E019 /* Assets.xcassets in Resources */,
			);
			runOnlyForDeploymentPostprocessing = 0;
		};
/* End PBXResourcesBuildPhase section */

/* Begin PBXSourcesBuildPhase section */
		ACE72BAE2CB85D4D0025E019 /* Sources */ = {
			isa = PBXSourcesBuildPhase;
			buildActionMask = 2147483647;
			files = (
				AC0AFB9D2CB98F310052780F /* RegisterViewViewModel.swift in Sources */,
				AC0AFB902CB97F970052780F /* TaskItemViewViewModel.swift in Sources */,
				AC0AFB972CB98F040052780F /* LoginView.swift in Sources */,
				AC0AFBA52CB99C440052780F /* ProfileViewViewModel.swift in Sources */,
				ACE72BC42CB86A900025E019 /* TaskItemView.swift in Sources */,
				AC0AFBA12CB99C1D0052780F /* ProfileView.swift in Sources */,
				ACE72BB82CB85D4D0025E019 /* ContentView.swift in Sources */,
				AC0AFB9B2CB98F1F0052780F /* LoginViewViewModel.swift in Sources */,
				AC0AFB952CB982200052780F /* TaskItemModel.swift in Sources */,
				AC0AFB992CB98F0D0052780F /* RegisterView.swift in Sources */,
				ACE72BB62CB85D4D0025E019 /* MySimpleToDoListApp.swift in Sources */,
				AC0AFB922CB97FA50052780F /* ContentViewViewModel.swift in Sources */,
				AC0AFB9F2CB98F3E0052780F /* UserModel.swift in Sources */,
			);
			runOnlyForDeploymentPostprocessing = 0;
		};
/* End PBXSourcesBuildPhase section */

/* Begin XCBuildConfiguration section */
		ACE72BBE2CB85D4F0025E019 /* Debug */ = {
			isa = XCBuildConfiguration;
			buildSettings = {
				ALWAYS_SEARCH_USER_PATHS = NO;
				ASSETCATALOG_COMPILER_GENERATE_SWIFT_ASSET_SYMBOL_EXTENSIONS = YES;
				CLANG_ANALYZER_NONNULL = YES;
				CLANG_ANALYZER_NUMBER_OBJECT_CONVERSION = YES_AGGRESSIVE;
				CLANG_CXX_LANGUAGE_STANDARD = "gnu++20";
				CLANG_ENABLE_MODULES = YES;
				CLANG_ENABLE_OBJC_ARC = YES;
				CLANG_ENABLE_OBJC_WEAK = YES;
				CLANG_WARN_BLOCK_CAPTURE_AUTORELEASING = YES;
				CLANG_WARN_BOOL_CONVERSION = YES;
				CLANG_WARN_COMMA = YES;
				CLANG_WARN_CONSTANT_CONVERSION = YES;
				CLANG_WARN_DEPRECATED_OBJC_IMPLEMENTATIONS = YES;
				CLANG_WARN_DIRECT_OBJC_ISA_USAGE = YES_ERROR;
				CLANG_WARN_DOCUMENTATION_COMMENTS = YES;
				CLANG_WARN_EMPTY_BODY = YES;
				CLANG_WARN_ENUM_CONVERSION = YES;
				CLANG_WARN_INFINITE_RECURSION = YES;
				CLANG_WARN_INT_CONVERSION = YES;
				CLANG_WARN_NON_LITERAL_NULL_CONVERSION = YES;
				CLANG_WARN_OBJC_IMPLICIT_RETAIN_SELF = YES;
				CLANG_WARN_OBJC_LITERAL_CONVERSION = YES;
				CLANG_WARN_OBJC_ROOT_CLASS = YES_ERROR;
				CLANG_WARN_QUOTED_INCLUDE_IN_FRAMEWORK_HEADER = YES;
				CLANG_WARN_RANGE_LOOP_ANALYSIS = YES;
				CLANG_WARN_STRICT_PROTOTYPES = YES;
				CLANG_WARN_SUSPICIOUS_MOVE = YES;
				CLANG_WARN_UNGUARDED_AVAILABILITY = YES_AGGRESSIVE;
				CLANG_WARN_UNREACHABLE_CODE = YES;
				CLANG_WARN__DUPLICATE_METHOD_MATCH = YES;
				COPY_PHASE_STRIP = NO;
				DEBUG_INFORMATION_FORMAT = dwarf;
				ENABLE_STRICT_OBJC_MSGSEND = YES;
				ENABLE_TESTABILITY = YES;
				ENABLE_USER_SCRIPT_SANDBOXING = YES;
				GCC_C_LANGUAGE_STANDARD = gnu17;
				GCC_DYNAMIC_NO_PIC = NO;
				GCC_NO_COMMON_BLOCKS = YES;
				GCC_OPTIMIZATION_LEVEL = 0;
				GCC_PREPROCESSOR_DEFINITIONS = (
					"DEBUG=1",
					"$(inherited)",
				);
				GCC_WARN_64_TO_32_BIT_CONVERSION = YES;
				GCC_WARN_ABOUT_RETURN_TYPE = YES_ERROR;
				GCC_WARN_UNDECLARED_SELECTOR = YES;
				GCC_WARN_UNINITIALIZED_AUTOS = YES_AGGRESSIVE;
				GCC_WARN_UNUSED_FUNCTION = YES;
				GCC_WARN_UNUSED_VARIABLE = YES;
				IPHONEOS_DEPLOYMENT_TARGET = 17.5;
				LOCALIZATION_PREFERS_STRING_CATALOGS = YES;
				MTL_ENABLE_DEBUG_INFO = INCLUDE_SOURCE;
				MTL_FAST_MATH = YES;
				ONLY_ACTIVE_ARCH = YES;
				SDKROOT = iphoneos;
				SWIFT_ACTIVE_COMPILATION_CONDITIONS = "DEBUG $(inherited)";
				SWIFT_OPTIMIZATION_LEVEL = "-Onone";
			};
			name = Debug;
		};
		ACE72BBF2CB85D4F0025E019 /* Release */ = {
			isa = XCBuildConfiguration;
			buildSettings = {
				ALWAYS_SEARCH_USER_PATHS = NO;
				ASSETCATALOG_COMPILER_GENERATE_SWIFT_ASSET_SYMBOL_EXTENSIONS = YES;
				CLANG_ANALYZER_NONNULL = YES;
				CLANG_ANALYZER_NUMBER_OBJECT_CONVERSION = YES_AGGRESSIVE;
				CLANG_CXX_LANGUAGE_STANDARD = "gnu++20";
				CLANG_ENABLE_MODULES = YES;
				CLANG_ENABLE_OBJC_ARC = YES;
				CLANG_ENABLE_OBJC_WEAK = YES;
				CLANG_WARN_BLOCK_CAPTURE_AUTORELEASING = YES;
				CLANG_WARN_BOOL_CONVERSION = YES;
				CLANG_WARN_COMMA = YES;
				CLANG_WARN_CONSTANT_CONVERSION = YES;
				CLANG_WARN_DEPRECATED_OBJC_IMPLEMENTATIONS = YES;
				CLANG_WARN_DIRECT_OBJC_ISA_USAGE = YES_ERROR;
				CLANG_WARN_DOCUMENTATION_COMMENTS = YES;
				CLANG_WARN_EMPTY_BODY = YES;
				CLANG_WARN_ENUM_CONVERSION = YES;
				CLANG_WARN_INFINITE_RECURSION = YES;
				CLANG_WARN_INT_CONVERSION = YES;
				CLANG_WARN_NON_LITERAL_NULL_CONVERSION = YES;
				CLANG_WARN_OBJC_IMPLICIT_RETAIN_SELF = YES;
				CLANG_WARN_OBJC_LITERAL_CONVERSION = YES;
				CLANG_WARN_OBJC_ROOT_CLASS = YES_ERROR;
				CLANG_WARN_QUOTED_INCLUDE_IN_FRAMEWORK_HEADER = YES;
				CLANG_WARN_RANGE_LOOP_ANALYSIS = YES;
				CLANG_WARN_STRICT_PROTOTYPES = YES;
				CLANG_WARN_SUSPICIOUS_MOVE = YES;
				CLANG_WARN_UNGUARDED_AVAILABILITY = YES_AGGRESSIVE;
				CLANG_WARN_UNREACHABLE_CODE = YES;
				CLANG_WARN__DUPLICATE_METHOD_MATCH = YES;
				COPY_PHASE_STRIP = NO;
				DEBUG_INFORMATION_FORMAT = "dwarf-with-dsym";
				ENABLE_NS_ASSERTIONS = NO;
				ENABLE_STRICT_OBJC_MSGSEND = YES;
				ENABLE_USER_SCRIPT_SANDBOXING = YES;
				GCC_C_LANGUAGE_STANDARD = gnu17;
				GCC_NO_COMMON_BLOCKS = YES;
				GCC_WARN_64_TO_32_BIT_CONVERSION = YES;
				GCC_WARN_ABOUT_RETURN_TYPE = YES_ERROR;
				GCC_WARN_UNDECLARED_SELECTOR = YES;
				GCC_WARN_UNINITIALIZED_AUTOS = YES_AGGRESSIVE;
				GCC_WARN_UNUSED_FUNCTION = YES;
				GCC_WARN_UNUSED_VARIABLE = YES;
				IPHONEOS_DEPLOYMENT_TARGET = 17.5;
				LOCALIZATION_PREFERS_STRING_CATALOGS = YES;
				MTL_ENABLE_DEBUG_INFO = NO;
				MTL_FAST_MATH = YES;
				SDKROOT = iphoneos;
				SWIFT_COMPILATION_MODE = wholemodule;
				VALIDATE_PRODUCT = YES;
			};
			name = Release;
		};
		ACE72BC12CB85D4F0025E019 /* Debug */ = {
			isa = XCBuildConfiguration;
			buildSettings = {
				ASSETCATALOG_COMPILER_APPICON_NAME = AppIcon;
				ASSETCATALOG_COMPILER_GLOBAL_ACCENT_COLOR_NAME = AccentColor;
				CODE_SIGN_STYLE = Automatic;
				CURRENT_PROJECT_VERSION = 1;
				DEVELOPMENT_ASSET_PATHS = "\"MySimpleToDoList/Preview Content\"";
				ENABLE_PREVIEWS = YES;
				GENERATE_INFOPLIST_FILE = YES;
				INFOPLIST_KEY_UIApplicationSceneManifest_Generation = YES;
				INFOPLIST_KEY_UIApplicationSupportsIndirectInputEvents = YES;
				INFOPLIST_KEY_UILaunchScreen_Generation = YES;
				INFOPLIST_KEY_UISupportedInterfaceOrientations_iPad = "UIInterfaceOrientationPortrait UIInterfaceOrientationPortraitUpsideDown UIInterfaceOrientationLandscapeLeft UIInterfaceOrientationLandscapeRight";
				INFOPLIST_KEY_UISupportedInterfaceOrientations_iPhone = "UIInterfaceOrientationPortrait UIInterfaceOrientationLandscapeLeft UIInterfaceOrientationLandscapeRight";
				LD_RUNPATH_SEARCH_PATHS = (
					"$(inherited)",
					"@executable_path/Frameworks",
				);
				MARKETING_VERSION = 1.0;
				PRODUCT_BUNDLE_IDENTIFIER = io.cfkim.MySimpleToDoList;
				PRODUCT_NAME = "$(TARGET_NAME)";
				SWIFT_EMIT_LOC_STRINGS = YES;
				SWIFT_VERSION = 5.0;
				TARGETED_DEVICE_FAMILY = "1,2";
			};
			name = Debug;
		};
		ACE72BC22CB85D4F0025E019 /* Release */ = {
			isa = XCBuildConfiguration;
			buildSettings = {
				ASSETCATALOG_COMPILER_APPICON_NAME = AppIcon;
				ASSETCATALOG_COMPILER_GLOBAL_ACCENT_COLOR_NAME = AccentColor;
				CODE_SIGN_STYLE = Automatic;
				CURRENT_PROJECT_VERSION = 1;
				DEVELOPMENT_ASSET_PATHS = "\"MySimpleToDoList/Preview Content\"";
				ENABLE_PREVIEWS = YES;
				GENERATE_INFOPLIST_FILE = YES;
				INFOPLIST_KEY_UIApplicationSceneManifest_Generation = YES;
				INFOPLIST_KEY_UIApplicationSupportsIndirectInputEvents = YES;
				INFOPLIST_KEY_UILaunchScreen_Generation = YES;
				INFOPLIST_KEY_UISupportedInterfaceOrientations_iPad = "UIInterfaceOrientationPortrait UIInterfaceOrientationPortraitUpsideDown UIInterfaceOrientationLandscapeLeft UIInterfaceOrientationLandscapeRight";
				INFOPLIST_KEY_UISupportedInterfaceOrientations_iPhone = "UIInterfaceOrientationPortrait UIInterfaceOrientationLandscapeLeft UIInterfaceOrientationLandscapeRight";
				LD_RUNPATH_SEARCH_PATHS = (
					"$(inherited)",
					"@executable_path/Frameworks",
				);
				MARKETING_VERSION = 1.0;
				PRODUCT_BUNDLE_IDENTIFIER = io.cfkim.MySimpleToDoList;
				PRODUCT_NAME = "$(TARGET_NAME)";
				SWIFT_EMIT_LOC_STRINGS = YES;
				SWIFT_VERSION = 5.0;
				TARGETED_DEVICE_FAMILY = "1,2";
			};
			name = Release;
		};
/* End XCBuildConfiguration section */

/* Begin XCConfigurationList section */
		ACE72BAD2CB85D4D0025E019 /* Build configuration list for PBXProject "MySimpleToDoList" */ = {
			isa = XCConfigurationList;
			buildConfigurations = (
				ACE72BBE2CB85D4F0025E019 /* Debug */,
				ACE72BBF2CB85D4F0025E019 /* Release */,
			);
			defaultConfigurationIsVisible = 0;
			defaultConfigurationName = Release;
		};
		ACE72BC02CB85D4F0025E019 /* Build configuration list for PBXNativeTarget "MySimpleToDoList" */ = {
			isa = XCConfigurationList;
			buildConfigurations = (
				ACE72BC12CB85D4F0025E019 /* Debug */,
				ACE72BC22CB85D4F0025E019 /* Release */,
			);
			defaultConfigurationIsVisible = 0;
			defaultConfigurationName = Release;
		};
/* End XCConfigurationList section */
	};
	rootObject = ACE72BAA2CB85D4D0025E019 /* Project object */;
}
